
Microsoft Visual Studio Solution File, Format Version 11.00
# Visual Studio 2010
Project("{FAE04EC0-301F-11D3-BF4B-00C04F79EFBC}") = "Assembly-CSharp", "Assembly-CSharp.csproj", "{0D8BC302-983E-7181-3985-1D2AA750D1A5}"
EndProject
Project("{FAE04EC0-301F-11D3-BF4B-00C04F79EFBC}") = "Assembly-CSharp-Editor-firstpass", "Assembly-CSharp-Editor-firstpass.csproj", "{615F9E2C-9D99-020F-C5F7-D77E31DD0295}"
EndProject
Global
	GlobalSection(SolutionConfigurationPlatforms) = preSolution
		Debug|Any CPU = Debug|Any CPU
		Release|Any CPU = Release|Any CPU
	EndGlobalSection
	GlobalSection(ProjectConfigurationPlatforms) = postSolution
		{0D8BC302-983E-7181-3985-1D2AA750D1A5}.Debug|Any CPU.ActiveCfg = Debug|Any CPU
		{0D8BC302-983E-7181-3985-1D2AA750D1A5}.Debug|Any CPU.Build.0 = Debug|Any CPU
		{0D8BC302-983E-7181-3985-1D2AA750D1A5}.Release|Any CPU.ActiveCfg = Release|Any CPU
		{0D8BC302-983E-7181-3985-1D2AA750D1A5}.Release|Any CPU.Build.0 = Release|Any CPU
		{615F9E2C-9D99-020F-C5F7-D77E31DD0295}.Debug|Any CPU.ActiveCfg = Debug|Any CPU
		{615F9E2C-9D99-020F-C5F7-D77E31DD0295}.Debug|Any CPU.Build.0 = Debug|Any CPU
		{615F9E2C-9D99-020F-C5F7-D77E31DD0295}.Release|Any CPU.ActiveCfg = Release|Any CPU
		{615F9E2C-9D99-020F-C5F7-D77E31DD0295}.Release|Any CPU.Build.0 = Release|Any CPU
	EndGlobalSection
	GlobalSection(SolutionProperties) = preSolution
		HideSolutionNode = FALSE
	EndGlobalSection
	GlobalSection(MonoDevelopProperties) = preSolution
		StartupItem = Assembly-CSharp.csproj
	EndGlobalSection
EndGlobal
